
Microsoft Visual Studio Solution File, Format Version 12.00
# Visual Studio Version 16
VisualStudioVersion = 16.0.28917.181
MinimumVisualStudioVersion = 10.0.40219.1
Project("{FAE04EC0-301F-11D3-BF4B-00C04F79EFBC}") = "myStudyJournal2", "myStudyJournal2\myStudyJournal2.csproj", "{07709C09-BB93-4EF2-AF68-C3FBFC30C26F}"
EndProject
Global
	GlobalSection(SolutionConfigurationPlatforms) = preSolution
		Debug|Any CPU = Debug|Any CPU
		Release|Any CPU = Release|Any CPU
	EndGlobalSection
	GlobalSection(ProjectConfigurationPlatforms) = postSolution
		{07709C09-BB93-4EF2-AF68-C3FBFC30C26F}.Debug|Any CPU.ActiveCfg = Debug|Any CPU
		{07709C09-BB93-4EF2-AF68-C3FBFC30C26F}.Debug|Any CPU.Build.0 = Debug|Any CPU
		{07709C09-BB93-4EF2-AF68-C3FBFC30C26F}.Release|Any CPU.ActiveCfg = Release|Any CPU
		{07709C09-BB93-4EF2-AF68-C3FBFC30C26F}.Release|Any CPU.Build.0 = Release|Any CPU
	EndGlobalSection
	GlobalSection(SolutionProperties) = preSolution
		HideSolutionNode = FALSE
	EndGlobalSection
	GlobalSection(ExtensibilityGlobals) = postSolution
		SolutionGuid = {55212E1A-797D-414E-AD89-F13DCC6955E7}
	EndGlobalSection
EndGlobal
